
Microsoft Visual Studio Solution File, Format Version 12.00
# Visual Studio Version 17
VisualStudioVersion = 17.6.33712.159
MinimumVisualStudioVersion = 10.0.40219.1
Project("{FAE04EC0-301F-11D3-BF4B-00C04F79EFBC}") = "Q2", "Q2\Q2.csproj", "{48212340-606A-4A24-98B2-BB1D054B3CDE}"
EndProject
Global
	GlobalSection(SolutionConfigurationPlatforms) = preSolution
		Debug|Any CPU = Debug|Any CPU
		Release|Any CPU = Release|Any CPU
	EndGlobalSection
	GlobalSection(ProjectConfigurationPlatforms) = postSolution
		{48212340-606A-4A24-98B2-BB1D054B3CDE}.Debug|Any CPU.ActiveCfg = Debug|Any CPU
		{48212340-606A-4A24-98B2-BB1D054B3CDE}.Debug|Any CPU.Build.0 = Debug|Any CPU
		{48212340-606A-4A24-98B2-BB1D054B3CDE}.Release|Any CPU.ActiveCfg = Release|Any CPU
		{48212340-606A-4A24-98B2-BB1D054B3CDE}.Release|Any CPU.Build.0 = Release|Any CPU
	EndGlobalSection
	GlobalSection(SolutionProperties) = preSolution
		HideSolutionNode = FALSE
	EndGlobalSection
	GlobalSection(ExtensibilityGlobals) = postSolution
		SolutionGuid = {CB17A775-74A1-4D24-B2D3-B93B3E331065}
	EndGlobalSection
EndGlobal
